
Microsoft Visual Studio Solution File, Format Version 12.00
# Visual Studio Version 16
VisualStudioVersion = 16.0.30804.86
MinimumVisualStudioVersion = 10.0.40219.1
Project("{9A19103F-16F7-4668-BE54-9A1E7A4F7556}") = "Hepsiyemek", "Hepsiyemek\Hepsiyemek.csproj", "{2D353041-5288-4409-8BAB-C86F07CD5E19}"
EndProject
Project("{9A19103F-16F7-4668-BE54-9A1E7A4F7556}") = "Hepsiyemek.TestConsole", "Hepsiyemek.Console\Hepsiyemek.TestConsole.csproj", "{E1647149-AD7E-4D65-BDF7-F4781AD354D7}"
EndProject
Global
	GlobalSection(SolutionConfigurationPlatforms) = preSolution
		Debug|Any CPU = Debug|Any CPU
		Release|Any CPU = Release|Any CPU
	EndGlobalSection
	GlobalSection(ProjectConfigurationPlatforms) = postSolution
		{2D353041-5288-4409-8BAB-C86F07CD5E19}.Debug|Any CPU.ActiveCfg = Debug|Any CPU
		{2D353041-5288-4409-8BAB-C86F07CD5E19}.Debug|Any CPU.Build.0 = Debug|Any CPU
		{2D353041-5288-4409-8BAB-C86F07CD5E19}.Release|Any CPU.ActiveCfg = Release|Any CPU
		{2D353041-5288-4409-8BAB-C86F07CD5E19}.Release|Any CPU.Build.0 = Release|Any CPU
		{E1647149-AD7E-4D65-BDF7-F4781AD354D7}.Debug|Any CPU.ActiveCfg = Debug|Any CPU
		{E1647149-AD7E-4D65-BDF7-F4781AD354D7}.Debug|Any CPU.Build.0 = Debug|Any CPU
		{E1647149-AD7E-4D65-BDF7-F4781AD354D7}.Release|Any CPU.ActiveCfg = Release|Any CPU
		{E1647149-AD7E-4D65-BDF7-F4781AD354D7}.Release|Any CPU.Build.0 = Release|Any CPU
	EndGlobalSection
	GlobalSection(SolutionProperties) = preSolution
		HideSolutionNode = FALSE
	EndGlobalSection
	GlobalSection(ExtensibilityGlobals) = postSolution
		SolutionGuid = {562FEAA9-3C57-4072-B348-1C2164A9F273}
	EndGlobalSection
EndGlobal
